// !$*UTF8*$!
{
	archiveVersion = 1;
	classes = {
	};
	objectVersion = 50;
	objects = {

/* Begin PBXBuildFile section */
		3F215DF8229FB5F200746B89 /* ContentViewController.m in Sources */ = {isa = PBXBuildFile; fileRef = 3F215DF7229FB5F200746B89 /* ContentViewController.m */; };
		3F215DFB229FB66900746B89 /* PageViewController.m in Sources */ = {isa = PBXBuildFile; fileRef = 3F215DFA229FB66900746B89 /* PageViewController.m */; };
		3F215E00229FD60500746B89 /* ProgressView.m in Sources */ = {isa = PBXBuildFile; fileRef = 3F215DFF229FD60500746B89 /* ProgressView.m */; };
		3F72312A22A105F300130E1D /* Localizable.strings in Resources */ = {isa = PBXBuildFile; fileRef = 3F72312C22A105F300130E1D /* Localizable.strings */; };
		3FC59DC0228B8F20003343D4 /* NetworkService.m in Sources */ = {isa = PBXBuildFile; fileRef = 3FC59DBF228B8F20003343D4 /* NetworkService.m */; };
		3FC59DCB228C1AA2003343D4 /* OrdersListViewController.m in Sources */ = {isa = PBXBuildFile; fileRef = 3FC59DCA228C1AA2003343D4 /* OrdersListViewController.m */; };
		3FC59DCE228C3FEF003343D4 /* OrdersListCell.m in Sources */ = {isa = PBXBuildFile; fileRef = 3FC59DCD228C3FEF003343D4 /* OrdersListCell.m */; };
		3FC59DD1228C5B89003343D4 /* AlertView.m in Sources */ = {isa = PBXBuildFile; fileRef = 3FC59DD0228C5B89003343D4 /* AlertView.m */; };
		3FCC94D9228F5B3200D1E1E4 /* MapViewController.m in Sources */ = {isa = PBXBuildFile; fileRef = 3FCC94D8228F5B3200D1E1E4 /* MapViewController.m */; };
		3FCC94E5229280B900D1E1E4 /* LocationService.m in Sources */ = {isa = PBXBuildFile; fileRef = 3FCC94E4229280B900D1E1E4 /* LocationService.m */; };
		3FCC94E822931D8900D1E1E4 /* TabBarController.m in Sources */ = {isa = PBXBuildFile; fileRef = 3FCC94E722931D8900D1E1E4 /* TabBarController.m */; };
		3FCC94F12293462400D1E1E4 /* DeliveriesListCell.m in Sources */ = {isa = PBXBuildFile; fileRef = 3FCC94F02293462400D1E1E4 /* DeliveriesListCell.m */; };
		3FCC94F522934C6800D1E1E4 /* DeliveriesListViewController.m in Sources */ = {isa = PBXBuildFile; fileRef = 3FCC94F422934C6800D1E1E4 /* DeliveriesListViewController.m */; };
		3FCC94F82295A1BA00D1E1E4 /* AnnotationInfoButton.m in Sources */ = {isa = PBXBuildFile; fileRef = 3FCC94F72295A1BA00D1E1E4 /* AnnotationInfoButton.m */; };
		3FEA1BD9227F1EDC00133133 /* AppDelegate.m in Sources */ = {isa = PBXBuildFile; fileRef = 3FEA1BD8227F1EDC00133133 /* AppDelegate.m */; };
		3FEA1BDC227F1EDC00133133 /* MainViewController.m in Sources */ = {isa = PBXBuildFile; fileRef = 3FEA1BDB227F1EDC00133133 /* MainViewController.m */; };
		3FEA1BE1227F1EDE00133133 /* Assets.xcassets in Resources */ = {isa = PBXBuildFile; fileRef = 3FEA1BE0227F1EDE00133133 /* Assets.xcassets */; };
		3FEA1BE4227F1EDE00133133 /* LaunchScreen.storyboard in Resources */ = {isa = PBXBuildFile; fileRef = 3FEA1BE2227F1EDE00133133 /* LaunchScreen.storyboard */; };
		3FEA1BE7227F1EDE00133133 /* main.m in Sources */ = {isa = PBXBuildFile; fileRef = 3FEA1BE6227F1EDE00133133 /* main.m */; };
		3FEA1BF1227F1EDE00133133 /* Dev_iOs_ObjCTests.m in Sources */ = {isa = PBXBuildFile; fileRef = 3FEA1BF0227F1EDE00133133 /* Dev_iOs_ObjCTests.m */; };
		3FEA1BFC227F1EDE00133133 /* Dev_iOs_ObjCUITests.m in Sources */ = {isa = PBXBuildFile; fileRef = 3FEA1BFB227F1EDE00133133 /* Dev_iOs_ObjCUITests.m */; };
		3FF0B898229B448600E00DEC /* Courier.xcdatamodeld in Sources */ = {isa = PBXBuildFile; fileRef = 3FF0B896229B448600E00DEC /* Courier.xcdatamodeld */; };
		3FF0B8A4229B467C00E00DEC /* CoreDataService.m in Sources */ = {isa = PBXBuildFile; fileRef = 3FF0B8A3229B467C00E00DEC /* CoreDataService.m */; };
/* End PBXBuildFile section */

/* Begin PBXContainerItemProxy section */
		3FEA1BED227F1EDE00133133 /* PBXContainerItemProxy */ = {
			isa = PBXContainerItemProxy;
			containerPortal = 3FEA1BCC227F1EDC00133133 /* Project object */;
			proxyType = 1;
			remoteGlobalIDString = 3FEA1BD3227F1EDC00133133;
			remoteInfo = Dev_iOs_ObjC;
		};
		3FEA1BF8227F1EDE00133133 /* PBXContainerItemProxy */ = {
			isa = PBXContainerItemProxy;
			containerPortal = 3FEA1BCC227F1EDC00133133 /* Project object */;
			proxyType = 1;
			remoteGlobalIDString = 3FEA1BD3227F1EDC00133133;
			remoteInfo = Dev_iOs_ObjC;
		};
/* End PBXContainerItemProxy section */

/* Begin PBXFileReference section */
		3F215DF6229FB5F200746B89 /* ContentViewController.h */ = {isa = PBXFileReference; lastKnownFileType = sourcecode.c.h; path = ContentViewController.h; sourceTree = "<group>"; };
		3F215DF7229FB5F200746B89 /* ContentViewController.m */ = {isa = PBXFileReference; lastKnownFileType = sourcecode.c.objc; path = ContentViewController.m; sourceTree = "<group>"; };
		3F215DF9229FB66900746B89 /* PageViewController.h */ = {isa = PBXFileReference; lastKnownFileType = sourcecode.c.h; path = PageViewController.h; sourceTree = "<group>"; };
		3F215DFA229FB66900746B89 /* PageViewController.m */ = {isa = PBXFileReference; lastKnownFileType = sourcecode.c.objc; path = PageViewController.m; sourceTree = "<group>"; };
		3F215DFE229FD60500746B89 /* ProgressView.h */ = {isa = PBXFileReference; lastKnownFileType = sourcecode.c.h; path = ProgressView.h; sourceTree = "<group>"; };
		3F215DFF229FD60500746B89 /* ProgressView.m */ = {isa = PBXFileReference; lastKnownFileType = sourcecode.c.objc; path = ProgressView.m; sourceTree = "<group>"; };
		3F72312722A07A1E00130E1D /* ru */ = {isa = PBXFileReference; lastKnownFileType = text.plist.strings; name = ru; path = ru.lproj/LaunchScreen.strings; sourceTree = "<group>"; };
		3F72312D22A1060300130E1D /* ru */ = {isa = PBXFileReference; lastKnownFileType = text.plist.strings; name = ru; path = ru.lproj/Localizable.strings; sourceTree = "<group>"; };
		3F72312E22A1075B00130E1D /* en */ = {isa = PBXFileReference; lastKnownFileType = text.plist.strings; name = en; path = en.lproj/Localizable.strings; sourceTree = "<group>"; };
		3FA35882229DF0D40004DE90 /* Delivery+CoreDataProperties.h */ = {isa = PBXFileReference; lastKnownFileType = sourcecode.c.h; path = "Delivery+CoreDataProperties.h"; sourceTree = "<group>"; };
		3FA35883229DF0D40004DE90 /* Delivery+CoreDataClass.h */ = {isa = PBXFileReference; lastKnownFileType = sourcecode.c.h; path = "Delivery+CoreDataClass.h"; sourceTree = "<group>"; };
		3FA35884229DF0D40004DE90 /* Delivery+CoreDataClass.m */ = {isa = PBXFileReference; lastKnownFileType = sourcecode.c.objc; path = "Delivery+CoreDataClass.m"; sourceTree = "<group>"; };
		3FA35885229DF0D40004DE90 /* Delivery+CoreDataProperties.m */ = {isa = PBXFileReference; lastKnownFileType = sourcecode.c.objc; path = "Delivery+CoreDataProperties.m"; sourceTree = "<group>"; };
		3FA35886229DF0D40004DE90 /* Order+CoreDataProperties.h */ = {isa = PBXFileReference; lastKnownFileType = sourcecode.c.h; path = "Order+CoreDataProperties.h"; sourceTree = "<group>"; };
		3FA35887229DF0D40004DE90 /* Order+CoreDataClass.h */ = {isa = PBXFileReference; lastKnownFileType = sourcecode.c.h; path = "Order+CoreDataClass.h"; sourceTree = "<group>"; };
		3FA35888229DF0D40004DE90 /* Order+CoreDataClass.m */ = {isa = PBXFileReference; lastKnownFileType = sourcecode.c.objc; path = "Order+CoreDataClass.m"; sourceTree = "<group>"; };
		3FA35889229DF0D40004DE90 /* Order+CoreDataProperties.m */ = {isa = PBXFileReference; lastKnownFileType = sourcecode.c.objc; path = "Order+CoreDataProperties.m"; sourceTree = "<group>"; };
		3FC59DBE228B8F20003343D4 /* NetworkService.h */ = {isa = PBXFileReference; lastKnownFileType = sourcecode.c.h; path = NetworkService.h; sourceTree = "<group>"; };
		3FC59DBF228B8F20003343D4 /* NetworkService.m */ = {isa = PBXFileReference; lastKnownFileType = sourcecode.c.objc; path = NetworkService.m; sourceTree = "<group>"; };
		3FC59DC9228C1AA2003343D4 /* OrdersListViewController.h */ = {isa = PBXFileReference; lastKnownFileType = sourcecode.c.h; path = OrdersListViewController.h; sourceTree = "<group>"; };
		3FC59DCA228C1AA2003343D4 /* OrdersListViewController.m */ = {isa = PBXFileReference; lastKnownFileType = sourcecode.c.objc; path = OrdersListViewController.m; sourceTree = "<group>"; };
		3FC59DCC228C3FEF003343D4 /* OrdersListCell.h */ = {isa = PBXFileReference; lastKnownFileType = sourcecode.c.h; path = OrdersListCell.h; sourceTree = "<group>"; };
		3FC59DCD228C3FEF003343D4 /* OrdersListCell.m */ = {isa = PBXFileReference; lastKnownFileType = sourcecode.c.objc; path = OrdersListCell.m; sourceTree = "<group>"; };
		3FC59DCF228C5B89003343D4 /* AlertView.h */ = {isa = PBXFileReference; lastKnownFileType = sourcecode.c.h; path = AlertView.h; sourceTree = "<group>"; };
		3FC59DD0228C5B89003343D4 /* AlertView.m */ = {isa = PBXFileReference; lastKnownFileType = sourcecode.c.objc; path = AlertView.m; sourceTree = "<group>"; };
		3FCC94D7228F5B3200D1E1E4 /* MapViewController.h */ = {isa = PBXFileReference; lastKnownFileType = sourcecode.c.h; path = MapViewController.h; sourceTree = "<group>"; };
		3FCC94D8228F5B3200D1E1E4 /* MapViewController.m */ = {isa = PBXFileReference; lastKnownFileType = sourcecode.c.objc; path = MapViewController.m; sourceTree = "<group>"; };
		3FCC94E3229280B900D1E1E4 /* LocationService.h */ = {isa = PBXFileReference; lastKnownFileType = sourcecode.c.h; path = LocationService.h; sourceTree = "<group>"; };
		3FCC94E4229280B900D1E1E4 /* LocationService.m */ = {isa = PBXFileReference; lastKnownFileType = sourcecode.c.objc; path = LocationService.m; sourceTree = "<group>"; };
		3FCC94E622931D8900D1E1E4 /* TabBarController.h */ = {isa = PBXFileReference; lastKnownFileType = sourcecode.c.h; path = TabBarController.h; sourceTree = "<group>"; };
		3FCC94E722931D8900D1E1E4 /* TabBarController.m */ = {isa = PBXFileReference; lastKnownFileType = sourcecode.c.objc; path = TabBarController.m; sourceTree = "<group>"; };
		3FCC94EF2293462400D1E1E4 /* DeliveriesListCell.h */ = {isa = PBXFileReference; lastKnownFileType = sourcecode.c.h; path = DeliveriesListCell.h; sourceTree = "<group>"; };
		3FCC94F02293462400D1E1E4 /* DeliveriesListCell.m */ = {isa = PBXFileReference; lastKnownFileType = sourcecode.c.objc; path = DeliveriesListCell.m; sourceTree = "<group>"; };
		3FCC94F322934C6800D1E1E4 /* DeliveriesListViewController.h */ = {isa = PBXFileReference; lastKnownFileType = sourcecode.c.h; path = DeliveriesListViewController.h; sourceTree = "<group>"; };
		3FCC94F422934C6800D1E1E4 /* DeliveriesListViewController.m */ = {isa = PBXFileReference; lastKnownFileType = sourcecode.c.objc; path = DeliveriesListViewController.m; sourceTree = "<group>"; };
		3FCC94F62295A1BA00D1E1E4 /* AnnotationInfoButton.h */ = {isa = PBXFileReference; lastKnownFileType = sourcecode.c.h; path = AnnotationInfoButton.h; sourceTree = "<group>"; };
		3FCC94F72295A1BA00D1E1E4 /* AnnotationInfoButton.m */ = {isa = PBXFileReference; lastKnownFileType = sourcecode.c.objc; path = AnnotationInfoButton.m; sourceTree = "<group>"; };
		3FEA1BD4227F1EDC00133133 /* Dev_iOs_ObjC.app */ = {isa = PBXFileReference; explicitFileType = wrapper.application; includeInIndex = 0; path = Dev_iOs_ObjC.app; sourceTree = BUILT_PRODUCTS_DIR; };
		3FEA1BD7227F1EDC00133133 /* AppDelegate.h */ = {isa = PBXFileReference; lastKnownFileType = sourcecode.c.h; path = AppDelegate.h; sourceTree = "<group>"; };
		3FEA1BD8227F1EDC00133133 /* AppDelegate.m */ = {isa = PBXFileReference; lastKnownFileType = sourcecode.c.objc; path = AppDelegate.m; sourceTree = "<group>"; };
		3FEA1BDA227F1EDC00133133 /* MainViewController.h */ = {isa = PBXFileReference; lastKnownFileType = sourcecode.c.h; path = MainViewController.h; sourceTree = "<group>"; };
		3FEA1BDB227F1EDC00133133 /* MainViewController.m */ = {isa = PBXFileReference; lastKnownFileType = sourcecode.c.objc; path = MainViewController.m; sourceTree = "<group>"; };
		3FEA1BE0227F1EDE00133133 /* Assets.xcassets */ = {isa = PBXFileReference; lastKnownFileType = folder.assetcatalog; path = Assets.xcassets; sourceTree = "<group>"; };
		3FEA1BE3227F1EDE00133133 /* Base */ = {isa = PBXFileReference; lastKnownFileType = file.storyboard; name = Base; path = Base.lproj/LaunchScreen.storyboard; sourceTree = "<group>"; };
		3FEA1BE5227F1EDE00133133 /* Info.plist */ = {isa = PBXFileReference; lastKnownFileType = text.plist.xml; path = Info.plist; sourceTree = "<group>"; };
		3FEA1BE6227F1EDE00133133 /* main.m */ = {isa = PBXFileReference; lastKnownFileType = sourcecode.c.objc; path = main.m; sourceTree = "<group>"; };
		3FEA1BEC227F1EDE00133133 /* Dev_iOs_ObjCTests.xctest */ = {isa = PBXFileReference; explicitFileType = wrapper.cfbundle; includeInIndex = 0; path = Dev_iOs_ObjCTests.xctest; sourceTree = BUILT_PRODUCTS_DIR; };
		3FEA1BF0227F1EDE00133133 /* Dev_iOs_ObjCTests.m */ = {isa = PBXFileReference; lastKnownFileType = sourcecode.c.objc; path = Dev_iOs_ObjCTests.m; sourceTree = "<group>"; };
		3FEA1BF2227F1EDE00133133 /* Info.plist */ = {isa = PBXFileReference; lastKnownFileType = text.plist.xml; path = Info.plist; sourceTree = "<group>"; };
		3FEA1BF7227F1EDE00133133 /* Dev_iOs_ObjCUITests.xctest */ = {isa = PBXFileReference; explicitFileType = wrapper.cfbundle; includeInIndex = 0; path = Dev_iOs_ObjCUITests.xctest; sourceTree = BUILT_PRODUCTS_DIR; };
		3FEA1BFB227F1EDE00133133 /* Dev_iOs_ObjCUITests.m */ = {isa = PBXFileReference; lastKnownFileType = sourcecode.c.objc; path = Dev_iOs_ObjCUITests.m; sourceTree = "<group>"; };
		3FEA1BFD227F1EDE00133133 /* Info.plist */ = {isa = PBXFileReference; lastKnownFileType = text.plist.xml; path = Info.plist; sourceTree = "<group>"; };
		3FF0B897229B448600E00DEC /* Courier.xcdatamodel */ = {isa = PBXFileReference; lastKnownFileType = wrapper.xcdatamodel; path = Courier.xcdatamodel; sourceTree = "<group>"; };
		3FF0B8A2229B467C00E00DEC /* CoreDataService.h */ = {isa = PBXFileReference; lastKnownFileType = sourcecode.c.h; path = CoreDataService.h; sourceTree = "<group>"; };
		3FF0B8A3229B467C00E00DEC /* CoreDataService.m */ = {isa = PBXFileReference; lastKnownFileType = sourcecode.c.objc; path = CoreDataService.m; sourceTree = "<group>"; };
/* End PBXFileReference section */

/* Begin PBXFrameworksBuildPhase section */
		3FEA1BD1227F1EDC00133133 /* Frameworks */ = {
			isa = PBXFrameworksBuildPhase;
			buildActionMask = 2147483647;
			files = (
			);
			runOnlyForDeploymentPostprocessing = 0;
		};
		3FEA1BE9227F1EDE00133133 /* Frameworks */ = {
			isa = PBXFrameworksBuildPhase;
			buildActionMask = 2147483647;
			files = (
			);
			runOnlyForDeploymentPostprocessing = 0;
		};
		3FEA1BF4227F1EDE00133133 /* Frameworks */ = {
			isa = PBXFrameworksBuildPhase;
			buildActionMask = 2147483647;
			files = (
			);
			runOnlyForDeploymentPostprocessing = 0;
		};
/* End PBXFrameworksBuildPhase section */

/* Begin PBXGroup section */
		3F215DF5229FB59400746B89 /* AboutApplication */ = {
			isa = PBXGroup;
			children = (
				3F215DF6229FB5F200746B89 /* ContentViewController.h */,
				3F215DF7229FB5F200746B89 /* ContentViewController.m */,
				3F215DF9229FB66900746B89 /* PageViewController.h */,
				3F215DFA229FB66900746B89 /* PageViewController.m */,
			);
			path = AboutApplication;
			sourceTree = "<group>";
		};
		3FC59DD2228C5B9A003343D4 /* Helpers */ = {
			isa = PBXGroup;
			children = (
				3FC59DCF228C5B89003343D4 /* AlertView.h */,
				3FC59DD0228C5B89003343D4 /* AlertView.m */,
				3FCC94F62295A1BA00D1E1E4 /* AnnotationInfoButton.h */,
				3FCC94F72295A1BA00D1E1E4 /* AnnotationInfoButton.m */,
			);
			path = Helpers;
			sourceTree = "<group>";
		};
		3FC59DD6228D530F003343D4 /* Services */ = {
			isa = PBXGroup;
			children = (
				3FC59DBE228B8F20003343D4 /* NetworkService.h */,
				3FC59DBF228B8F20003343D4 /* NetworkService.m */,
				3FCC94E3229280B900D1E1E4 /* LocationService.h */,
				3FCC94E4229280B900D1E1E4 /* LocationService.m */,
			);
			path = Services;
			sourceTree = "<group>";
		};
		3FCC94D6228F5A0500D1E1E4 /* View */ = {
			isa = PBXGroup;
			children = (
				3FD7069A22A00BA1002BE95C /* ProgressView */,
				3F215DF5229FB59400746B89 /* AboutApplication */,
				3FEA1BDA227F1EDC00133133 /* MainViewController.h */,
				3FEA1BDB227F1EDC00133133 /* MainViewController.m */,
				3FCC94E622931D8900D1E1E4 /* TabBarController.h */,
				3FCC94E722931D8900D1E1E4 /* TabBarController.m */,
				3FCC94D7228F5B3200D1E1E4 /* MapViewController.h */,
				3FCC94D8228F5B3200D1E1E4 /* MapViewController.m */,
				3FC59DC9228C1AA2003343D4 /* OrdersListViewController.h */,
				3FC59DCA228C1AA2003343D4 /* OrdersListViewController.m */,
				3FCC94F322934C6800D1E1E4 /* DeliveriesListViewController.h */,
				3FCC94F422934C6800D1E1E4 /* DeliveriesListViewController.m */,
				3FCC94F222934BB900D1E1E4 /* ViewCell */,
			);
			path = View;
			sourceTree = "<group>";
		};
		3FCC94F222934BB900D1E1E4 /* ViewCell */ = {
			isa = PBXGroup;
			children = (
				3FC59DCC228C3FEF003343D4 /* OrdersListCell.h */,
				3FC59DCD228C3FEF003343D4 /* OrdersListCell.m */,
				3FCC94EF2293462400D1E1E4 /* DeliveriesListCell.h */,
				3FCC94F02293462400D1E1E4 /* DeliveriesListCell.m */,
			);
			path = ViewCell;
			sourceTree = "<group>";
		};
		3FD7069A22A00BA1002BE95C /* ProgressView */ = {
			isa = PBXGroup;
			children = (
				3F215DFE229FD60500746B89 /* ProgressView.h */,
				3F215DFF229FD60500746B89 /* ProgressView.m */,
			);
			path = ProgressView;
			sourceTree = "<group>";
		};
		3FEA1BCB227F1EDC00133133 = {
			isa = PBXGroup;
			children = (
				3FEA1BD6227F1EDC00133133 /* Dev_iOs_ObjC */,
				3FEA1BEF227F1EDE00133133 /* Dev_iOs_ObjCTests */,
				3FEA1BFA227F1EDE00133133 /* Dev_iOs_ObjCUITests */,
				3FEA1BD5227F1EDC00133133 /* Products */,
			);
			sourceTree = "<group>";
		};
		3FEA1BD5227F1EDC00133133 /* Products */ = {
			isa = PBXGroup;
			children = (
				3FEA1BD4227F1EDC00133133 /* Dev_iOs_ObjC.app */,
				3FEA1BEC227F1EDE00133133 /* Dev_iOs_ObjCTests.xctest */,
				3FEA1BF7227F1EDE00133133 /* Dev_iOs_ObjCUITests.xctest */,
			);
			name = Products;
			sourceTree = "<group>";
		};
		3FEA1BD6227F1EDC00133133 /* Dev_iOs_ObjC */ = {
			isa = PBXGroup;
			children = (
				3FF0B894229B441F00E00DEC /* CoreData */,
				3FC59DD2228C5B9A003343D4 /* Helpers */,
				3FC59DD6228D530F003343D4 /* Services */,
				3FCC94D6228F5A0500D1E1E4 /* View */,
				3FEA1BD8227F1EDC00133133 /* AppDelegate.m */,
				3FEA1BD7227F1EDC00133133 /* AppDelegate.h */,
				3FEA1BE0227F1EDE00133133 /* Assets.xcassets */,
				3FEA1BE2227F1EDE00133133 /* LaunchScreen.storyboard */,
				3FEA1BE5227F1EDE00133133 /* Info.plist */,
				3FEA1BE6227F1EDE00133133 /* main.m */,
				3F72312C22A105F300130E1D /* Localizable.strings */,
			);
			path = Dev_iOs_ObjC;
			sourceTree = "<group>";
		};
		3FEA1BEF227F1EDE00133133 /* Dev_iOs_ObjCTests */ = {
			isa = PBXGroup;
			children = (
				3FEA1BF0227F1EDE00133133 /* Dev_iOs_ObjCTests.m */,
				3FEA1BF2227F1EDE00133133 /* Info.plist */,
			);
			path = Dev_iOs_ObjCTests;
			sourceTree = "<group>";
		};
		3FEA1BFA227F1EDE00133133 /* Dev_iOs_ObjCUITests */ = {
			isa = PBXGroup;
			children = (
				3FEA1BFB227F1EDE00133133 /* Dev_iOs_ObjCUITests.m */,
				3FEA1BFD227F1EDE00133133 /* Info.plist */,
			);
			path = Dev_iOs_ObjCUITests;
			sourceTree = "<group>";
		};
		3FF0B894229B441F00E00DEC /* CoreData */ = {
			isa = PBXGroup;
			children = (
				3FF0B895229B444700E00DEC /* Model */,
				3FF0B896229B448600E00DEC /* Courier.xcdatamodeld */,
				3FF0B8A2229B467C00E00DEC /* CoreDataService.h */,
				3FF0B8A3229B467C00E00DEC /* CoreDataService.m */,
			);
			path = CoreData;
			sourceTree = "<group>";
		};
		3FF0B895229B444700E00DEC /* Model */ = {
			isa = PBXGroup;
			children = (
				3FA35882229DF0D40004DE90 /* Delivery+CoreDataProperties.h */,
				3FA35883229DF0D40004DE90 /* Delivery+CoreDataClass.h */,
				3FA35884229DF0D40004DE90 /* Delivery+CoreDataClass.m */,
				3FA35885229DF0D40004DE90 /* Delivery+CoreDataProperties.m */,
				3FA35886229DF0D40004DE90 /* Order+CoreDataProperties.h */,
				3FA35887229DF0D40004DE90 /* Order+CoreDataClass.h */,
				3FA35888229DF0D40004DE90 /* Order+CoreDataClass.m */,
				3FA35889229DF0D40004DE90 /* Order+CoreDataProperties.m */,
			);
			path = Model;
			sourceTree = "<group>";
		};
/* End PBXGroup section */

/* Begin PBXNativeTarget section */
		3FEA1BD3227F1EDC00133133 /* Dev_iOs_ObjC */ = {
			isa = PBXNativeTarget;
			buildConfigurationList = 3FEA1C00227F1EDE00133133 /* Build configuration list for PBXNativeTarget "Dev_iOs_ObjC" */;
			buildPhases = (
				3FEA1BD0227F1EDC00133133 /* Sources */,
				3FEA1BD1227F1EDC00133133 /* Frameworks */,
				3FEA1BD2227F1EDC00133133 /* Resources */,
			);
			buildRules = (
			);
			dependencies = (
			);
			name = Dev_iOs_ObjC;
			productName = Dev_iOs_ObjC;
			productReference = 3FEA1BD4227F1EDC00133133 /* Dev_iOs_ObjC.app */;
			productType = "com.apple.product-type.application";
		};
		3FEA1BEB227F1EDE00133133 /* Dev_iOs_ObjCTests */ = {
			isa = PBXNativeTarget;
			buildConfigurationList = 3FEA1C03227F1EDE00133133 /* Build configuration list for PBXNativeTarget "Dev_iOs_ObjCTests" */;
			buildPhases = (
				3FEA1BE8227F1EDE00133133 /* Sources */,
				3FEA1BE9227F1EDE00133133 /* Frameworks */,
				3FEA1BEA227F1EDE00133133 /* Resources */,
			);
			buildRules = (
			);
			dependencies = (
				3FEA1BEE227F1EDE00133133 /* PBXTargetDependency */,
			);
			name = Dev_iOs_ObjCTests;
			productName = Dev_iOs_ObjCTests;
			productReference = 3FEA1BEC227F1EDE00133133 /* Dev_iOs_ObjCTests.xctest */;
			productType = "com.apple.product-type.bundle.unit-test";
		};
		3FEA1BF6227F1EDE00133133 /* Dev_iOs_ObjCUITests */ = {
			isa = PBXNativeTarget;
			buildConfigurationList = 3FEA1C06227F1EDE00133133 /* Build configuration list for PBXNativeTarget "Dev_iOs_ObjCUITests" */;
			buildPhases = (
				3FEA1BF3227F1EDE00133133 /* Sources */,
				3FEA1BF4227F1EDE00133133 /* Frameworks */,
				3FEA1BF5227F1EDE00133133 /* Resources */,
			);
			buildRules = (
			);
			dependencies = (
				3FEA1BF9227F1EDE00133133 /* PBXTargetDependency */,
			);
			name = Dev_iOs_ObjCUITests;
			productName = Dev_iOs_ObjCUITests;
			productReference = 3FEA1BF7227F1EDE00133133 /* Dev_iOs_ObjCUITests.xctest */;
			productType = "com.apple.product-type.bundle.ui-testing";
		};
/* End PBXNativeTarget section */

/* Begin PBXProject section */
		3FEA1BCC227F1EDC00133133 /* Project object */ = {
			isa = PBXProject;
			attributes = {
				LastUpgradeCheck = 1010;
				ORGANIZATIONNAME = "Tatiana Tsygankova";
				TargetAttributes = {
					3FEA1BD3227F1EDC00133133 = {
						CreatedOnToolsVersion = 10.1;
						LastSwiftMigration = 1020;
					};
					3FEA1BEB227F1EDE00133133 = {
						CreatedOnToolsVersion = 10.1;
						TestTargetID = 3FEA1BD3227F1EDC00133133;
					};
					3FEA1BF6227F1EDE00133133 = {
						CreatedOnToolsVersion = 10.1;
						TestTargetID = 3FEA1BD3227F1EDC00133133;
					};
				};
			};
			buildConfigurationList = 3FEA1BCF227F1EDC00133133 /* Build configuration list for PBXProject "Dev-iOs-ObjC" */;
			compatibilityVersion = "Xcode 9.3";
			developmentRegion = en;
			hasScannedForEncodings = 0;
			knownRegions = (
				en,
				Base,
				ru,
			);
			mainGroup = 3FEA1BCB227F1EDC00133133;
			productRefGroup = 3FEA1BD5227F1EDC00133133 /* Products */;
			projectDirPath = "";
			projectRoot = "";
			targets = (
				3FEA1BD3227F1EDC00133133 /* Dev_iOs_ObjC */,
				3FEA1BEB227F1EDE00133133 /* Dev_iOs_ObjCTests */,
				3FEA1BF6227F1EDE00133133 /* Dev_iOs_ObjCUITests */,
			);
		};
/* End PBXProject section */

/* Begin PBXResourcesBuildPhase section */
		3FEA1BD2227F1EDC00133133 /* Resources */ = {
			isa = PBXResourcesBuildPhase;
			buildActionMask = 2147483647;
			files = (
				3FEA1BE4227F1EDE00133133 /* LaunchScreen.storyboard in Resources */,
				3F72312A22A105F300130E1D /* Localizable.strings in Resources */,
				3FEA1BE1227F1EDE00133133 /* Assets.xcassets in Resources */,
			);
			runOnlyForDeploymentPostprocessing = 0;
		};
		3FEA1BEA227F1EDE00133133 /* Resources */ = {
			isa = PBXResourcesBuildPhase;
			buildActionMask = 2147483647;
			files = (
			);
			runOnlyForDeploymentPostprocessing = 0;
		};
		3FEA1BF5227F1EDE00133133 /* Resources */ = {
			isa = PBXResourcesBuildPhase;
			buildActionMask = 2147483647;
			files = (
			);
			runOnlyForDeploymentPostprocessing = 0;
		};
/* End PBXResourcesBuildPhase section */

/* Begin PBXSourcesBuildPhase section */
		3FEA1BD0227F1EDC00133133 /* Sources */ = {
			isa = PBXSourcesBuildPhase;
			buildActionMask = 2147483647;
			files = (
				3FCC94E5229280B900D1E1E4 /* LocationService.m in Sources */,
				3FCC94F522934C6800D1E1E4 /* DeliveriesListViewController.m in Sources */,
				3FF0B8A4229B467C00E00DEC /* CoreDataService.m in Sources */,
				3FCC94F12293462400D1E1E4 /* DeliveriesListCell.m in Sources */,
				3FC59DCB228C1AA2003343D4 /* OrdersListViewController.m in Sources */,
				3FCC94F82295A1BA00D1E1E4 /* AnnotationInfoButton.m in Sources */,
				3FEA1BDC227F1EDC00133133 /* MainViewController.m in Sources */,
				3F215DFB229FB66900746B89 /* PageViewController.m in Sources */,
				3FEA1BE7227F1EDE00133133 /* main.m in Sources */,
				3FC59DC0228B8F20003343D4 /* NetworkService.m in Sources */,
				3FC59DD1228C5B89003343D4 /* AlertView.m in Sources */,
				3F215E00229FD60500746B89 /* ProgressView.m in Sources */,
				3FF0B898229B448600E00DEC /* Courier.xcdatamodeld in Sources */,
				3FCC94D9228F5B3200D1E1E4 /* MapViewController.m in Sources */,
				3F215DF8229FB5F200746B89 /* ContentViewController.m in Sources */,
				3FCC94E822931D8900D1E1E4 /* TabBarController.m in Sources */,
				3FC59DCE228C3FEF003343D4 /* OrdersListCell.m in Sources */,
				3FEA1BD9227F1EDC00133133 /* AppDelegate.m in Sources */,
			);
			runOnlyForDeploymentPostprocessing = 0;
		};
		3FEA1BE8227F1EDE00133133 /* Sources */ = {
			isa = PBXSourcesBuildPhase;
			buildActionMask = 2147483647;
			files = (
				3FEA1BF1227F1EDE00133133 /* Dev_iOs_ObjCTests.m in Sources */,
			);
			runOnlyForDeploymentPostprocessing = 0;
		};
		3FEA1BF3227F1EDE00133133 /* Sources */ = {
			isa = PBXSourcesBuildPhase;
			buildActionMask = 2147483647;
			files = (
				3FEA1BFC227F1EDE00133133 /* Dev_iOs_ObjCUITests.m in Sources */,
			);
			runOnlyForDeploymentPostprocessing = 0;
		};
/* End PBXSourcesBuildPhase section */

/* Begin PBXTargetDependency section */
		3FEA1BEE227F1EDE00133133 /* PBXTargetDependency */ = {
			isa = PBXTargetDependency;
			target = 3FEA1BD3227F1EDC00133133 /* Dev_iOs_ObjC */;
			targetProxy = 3FEA1BED227F1EDE00133133 /* PBXContainerItemProxy */;
		};
		3FEA1BF9227F1EDE00133133 /* PBXTargetDependency */ = {
			isa = PBXTargetDependency;
			target = 3FEA1BD3227F1EDC00133133 /* Dev_iOs_ObjC */;
			targetProxy = 3FEA1BF8227F1EDE00133133 /* PBXContainerItemProxy */;
		};
/* End PBXTargetDependency section */

/* Begin PBXVariantGroup section */
		3F72312C22A105F300130E1D /* Localizable.strings */ = {
			isa = PBXVariantGroup;
			children = (
				3F72312D22A1060300130E1D /* ru */,
				3F72312E22A1075B00130E1D /* en */,
			);
			name = Localizable.strings;
			sourceTree = "<group>";
		};
		3FEA1BE2227F1EDE00133133 /* LaunchScreen.storyboard */ = {
			isa = PBXVariantGroup;
			children = (
				3FEA1BE3227F1EDE00133133 /* Base */,
				3F72312722A07A1E00130E1D /* ru */,
			);
			name = LaunchScreen.storyboard;
			sourceTree = "<group>";
		};
/* End PBXVariantGroup section */

/* Begin XCBuildConfiguration section */
		3FEA1BFE227F1EDE00133133 /* Debug */ = {
			isa = XCBuildConfiguration;
			buildSettings = {
				ALWAYS_SEARCH_USER_PATHS = NO;
				CLANG_ANALYZER_LOCALIZABILITY_NONLOCALIZED = YES;
				CLANG_ANALYZER_NONNULL = YES;
				CLANG_ANALYZER_NUMBER_OBJECT_CONVERSION = YES_AGGRESSIVE;
				CLANG_CXX_LANGUAGE_STANDARD = "gnu++14";
				CLANG_CXX_LIBRARY = "libc++";
				CLANG_ENABLE_MODULES = YES;
				CLANG_ENABLE_OBJC_ARC = YES;
				CLANG_ENABLE_OBJC_WEAK = YES;
				CLANG_WARN_BLOCK_CAPTURE_AUTORELEASING = YES;
				CLANG_WARN_BOOL_CONVERSION = YES;
				CLANG_WARN_COMMA = YES;
				CLANG_WARN_CONSTANT_CONVERSION = YES;
				CLANG_WARN_DEPRECATED_OBJC_IMPLEMENTATIONS = YES;
				CLANG_WARN_DIRECT_OBJC_ISA_USAGE = YES_ERROR;
				CLANG_WARN_DOCUMENTATION_COMMENTS = YES;
				CLANG_WARN_EMPTY_BODY = YES;
				CLANG_WARN_ENUM_CONVERSION = YES;
				CLANG_WARN_INFINITE_RECURSION = YES;
				CLANG_WARN_INT_CONVERSION = YES;
				CLANG_WARN_NON_LITERAL_NULL_CONVERSION = YES;
				CLANG_WARN_OBJC_IMPLICIT_RETAIN_SELF = YES;
				CLANG_WARN_OBJC_LITERAL_CONVERSION = YES;
				CLANG_WARN_OBJC_ROOT_CLASS = YES_ERROR;
				CLANG_WARN_RANGE_LOOP_ANALYSIS = YES;
				CLANG_WARN_STRICT_PROTOTYPES = YES;
				CLANG_WARN_SUSPICIOUS_MOVE = YES;
				CLANG_WARN_UNGUARDED_AVAILABILITY = YES_AGGRESSIVE;
				CLANG_WARN_UNREACHABLE_CODE = YES;
				CLANG_WARN__DUPLICATE_METHOD_MATCH = YES;
				CODE_SIGN_IDENTITY = "iPhone Developer";
				COPY_PHASE_STRIP = NO;
				DEBUG_INFORMATION_FORMAT = dwarf;
				ENABLE_STRICT_OBJC_MSGSEND = YES;
				ENABLE_TESTABILITY = YES;
				GCC_C_LANGUAGE_STANDARD = gnu11;
				GCC_DYNAMIC_NO_PIC = NO;
				GCC_NO_COMMON_BLOCKS = YES;
				GCC_OPTIMIZATION_LEVEL = 0;
				GCC_PREPROCESSOR_DEFINITIONS = (
					"DEBUG=1",
					"$(inherited)",
				);
				GCC_WARN_64_TO_32_BIT_CONVERSION = YES;
				GCC_WARN_ABOUT_RETURN_TYPE = YES_ERROR;
				GCC_WARN_UNDECLARED_SELECTOR = YES;
				GCC_WARN_UNINITIALIZED_AUTOS = YES_AGGRESSIVE;
				GCC_WARN_UNUSED_FUNCTION = YES;
				GCC_WARN_UNUSED_VARIABLE = YES;
				IPHONEOS_DEPLOYMENT_TARGET = 12.1;
				MTL_ENABLE_DEBUG_INFO = INCLUDE_SOURCE;
				MTL_FAST_MATH = YES;
				ONLY_ACTIVE_ARCH = YES;
				SDKROOT = iphoneos;
			};
			name = Debug;
		};
		3FEA1BFF227F1EDE00133133 /* Release */ = {
			isa = XCBuildConfiguration;
			buildSettings = {
				ALWAYS_SEARCH_USER_PATHS = NO;
				CLANG_ANALYZER_LOCALIZABILITY_NONLOCALIZED = YES;
				CLANG_ANALYZER_NONNULL = YES;
				CLANG_ANALYZER_NUMBER_OBJECT_CONVERSION = YES_AGGRESSIVE;
				CLANG_CXX_LANGUAGE_STANDARD = "gnu++14";
				CLANG_CXX_LIBRARY = "libc++";
				CLANG_ENABLE_MODULES = YES;
				CLANG_ENABLE_OBJC_ARC = YES;
				CLANG_ENABLE_OBJC_WEAK = YES;
				CLANG_WARN_BLOCK_CAPTURE_AUTORELEASING = YES;
				CLANG_WARN_BOOL_CONVERSION = YES;
				CLANG_WARN_COMMA = YES;
				CLANG_WARN_CONSTANT_CONVERSION = YES;
				CLANG_WARN_DEPRECATED_OBJC_IMPLEMENTATIONS = YES;
				CLANG_WARN_DIRECT_OBJC_ISA_USAGE = YES_ERROR;
				CLANG_WARN_DOCUMENTATION_COMMENTS = YES;
				CLANG_WARN_EMPTY_BODY = YES;
				CLANG_WARN_ENUM_CONVERSION = YES;
				CLANG_WARN_INFINITE_RECURSION = YES;
				CLANG_WARN_INT_CONVERSION = YES;
				CLANG_WARN_NON_LITERAL_NULL_CONVERSION = YES;
				CLANG_WARN_OBJC_IMPLICIT_RETAIN_SELF = YES;
				CLANG_WARN_OBJC_LITERAL_CONVERSION = YES;
				CLANG_WARN_OBJC_ROOT_CLASS = YES_ERROR;
				CLANG_WARN_RANGE_LOOP_ANALYSIS = YES;
				CLANG_WARN_STRICT_PROTOTYPES = YES;
				CLANG_WARN_SUSPICIOUS_MOVE = YES;
				CLANG_WARN_UNGUARDED_AVAILABILITY = YES_AGGRESSIVE;
				CLANG_WARN_UNREACHABLE_CODE = YES;
				CLANG_WARN__DUPLICATE_METHOD_MATCH = YES;
				CODE_SIGN_IDENTITY = "iPhone Developer";
				COPY_PHASE_STRIP = NO;
				DEBUG_INFORMATION_FORMAT = "dwarf-with-dsym";
				ENABLE_NS_ASSERTIONS = NO;
				ENABLE_STRICT_OBJC_MSGSEND = YES;
				GCC_C_LANGUAGE_STANDARD = gnu11;
				GCC_NO_COMMON_BLOCKS = YES;
				GCC_WARN_64_TO_32_BIT_CONVERSION = YES;
				GCC_WARN_ABOUT_RETURN_TYPE = YES_ERROR;
				GCC_WARN_UNDECLARED_SELECTOR = YES;
				GCC_WARN_UNINITIALIZED_AUTOS = YES_AGGRESSIVE;
				GCC_WARN_UNUSED_FUNCTION = YES;
				GCC_WARN_UNUSED_VARIABLE = YES;
				IPHONEOS_DEPLOYMENT_TARGET = 12.1;
				MTL_ENABLE_DEBUG_INFO = NO;
				MTL_FAST_MATH = YES;
				SDKROOT = iphoneos;
				VALIDATE_PRODUCT = YES;
			};
			name = Release;
		};
		3FEA1C01227F1EDE00133133 /* Debug */ = {
			isa = XCBuildConfiguration;
			buildSettings = {
				ASSETCATALOG_COMPILER_APPICON_NAME = AppIcon;
				CLANG_ENABLE_MODULES = YES;
				CODE_SIGN_STYLE = Automatic;
				DEVELOPMENT_TEAM = EC97Q5FY82;
				INFOPLIST_FILE = Dev_iOs_ObjC/Info.plist;
				LD_RUNPATH_SEARCH_PATHS = (
					"$(inherited)",
					"@executable_path/Frameworks",
				);
				PRODUCT_BUNDLE_IDENTIFIER = "TsygTa.Dev-iOs-ObjC";
				PRODUCT_NAME = "$(TARGET_NAME)";
				SWIFT_OBJC_BRIDGING_HEADER = "Dev_iOs_ObjC/CoreData/Model/Dev_iOs_ObjC-Bridging-Header.h";
				SWIFT_OPTIMIZATION_LEVEL = "-Onone";
				SWIFT_VERSION = 5.0;
				TARGETED_DEVICE_FAMILY = "1,2";
			};
			name = Debug;
		};
		3FEA1C02227F1EDE00133133 /* Release */ = {
			isa = XCBuildConfiguration;
			buildSettings = {
				ASSETCATALOG_COMPILER_APPICON_NAME = AppIcon;
				CLANG_ENABLE_MODULES = YES;
				CODE_SIGN_STYLE = Automatic;
				DEVELOPMENT_TEAM = EC97Q5FY82;
				INFOPLIST_FILE = Dev_iOs_ObjC/Info.plist;
				LD_RUNPATH_SEARCH_PATHS = (
					"$(inherited)",
					"@executable_path/Frameworks",
				);
				PRODUCT_BUNDLE_IDENTIFIER = "TsygTa.Dev-iOs-ObjC";
				PRODUCT_NAME = "$(TARGET_NAME)";
				SWIFT_OBJC_BRIDGING_HEADER = "Dev_iOs_ObjC/CoreData/Model/Dev_iOs_ObjC-Bridging-Header.h";
				SWIFT_VERSION = 5.0;
				TARGETED_DEVICE_FAMILY = "1,2";
			};
			name = Release;
		};
		3FEA1C04227F1EDE00133133 /* Debug */ = {
			isa = XCBuildConfiguration;
			buildSettings = {
				BUNDLE_LOADER = "$(TEST_HOST)";
				CODE_SIGN_STYLE = Automatic;
				INFOPLIST_FILE = Dev_iOs_ObjCTests/Info.plist;
				LD_RUNPATH_SEARCH_PATHS = (
					"$(inherited)",
					"@executable_path/Frameworks",
					"@loader_path/Frameworks",
				);
				PRODUCT_BUNDLE_IDENTIFIER = "TsygTa.Dev-iOs-ObjCTests";
				PRODUCT_NAME = "$(TARGET_NAME)";
				TARGETED_DEVICE_FAMILY = "1,2";
				TEST_HOST = "$(BUILT_PRODUCTS_DIR)/Dev_iOs_ObjC.app/Dev_iOs_ObjC";
			};
			name = Debug;
		};
		3FEA1C05227F1EDE00133133 /* Release */ = {
			isa = XCBuildConfiguration;
			buildSettings = {
				BUNDLE_LOADER = "$(TEST_HOST)";
				CODE_SIGN_STYLE = Automatic;
				INFOPLIST_FILE = Dev_iOs_ObjCTests/Info.plist;
				LD_RUNPATH_SEARCH_PATHS = (
					"$(inherited)",
					"@executable_path/Frameworks",
					"@loader_path/Frameworks",
				);
				PRODUCT_BUNDLE_IDENTIFIER = "TsygTa.Dev-iOs-ObjCTests";
				PRODUCT_NAME = "$(TARGET_NAME)";
				TARGETED_DEVICE_FAMILY = "1,2";
				TEST_HOST = "$(BUILT_PRODUCTS_DIR)/Dev_iOs_ObjC.app/Dev_iOs_ObjC";
			};
			name = Release;
		};
		3FEA1C07227F1EDE00133133 /* Debug */ = {
			isa = XCBuildConfiguration;
			buildSettings = {
				CODE_SIGN_STYLE = Automatic;
				INFOPLIST_FILE = Dev_iOs_ObjCUITests/Info.plist;
				LD_RUNPATH_SEARCH_PATHS = (
					"$(inherited)",
					"@executable_path/Frameworks",
					"@loader_path/Frameworks",
				);
				PRODUCT_BUNDLE_IDENTIFIER = "TsygTa.Dev-iOs-ObjCUITests";
				PRODUCT_NAME = "$(TARGET_NAME)";
				TARGETED_DEVICE_FAMILY = "1,2";
				TEST_TARGET_NAME = Dev_iOs_ObjC;
			};
			name = Debug;
		};
		3FEA1C08227F1EDE00133133 /* Release */ = {
			isa = XCBuildConfiguration;
			buildSettings = {
				CODE_SIGN_STYLE = Automatic;
				INFOPLIST_FILE = Dev_iOs_ObjCUITests/Info.plist;
				LD_RUNPATH_SEARCH_PATHS = (
					"$(inherited)",
					"@executable_path/Frameworks",
					"@loader_path/Frameworks",
				);
				PRODUCT_BUNDLE_IDENTIFIER = "TsygTa.Dev-iOs-ObjCUITests";
				PRODUCT_NAME = "$(TARGET_NAME)";
				TARGETED_DEVICE_FAMILY = "1,2";
				TEST_TARGET_NAME = Dev_iOs_ObjC;
			};
			name = Release;
		};
/* End XCBuildConfiguration section */

/* Begin XCConfigurationList section */
		3FEA1BCF227F1EDC00133133 /* Build configuration list for PBXProject "Dev-iOs-ObjC" */ = {
			isa = XCConfigurationList;
			buildConfigurations = (
				3FEA1BFE227F1EDE00133133 /* Debug */,
				3FEA1BFF227F1EDE00133133 /* Release */,
			);
			defaultConfigurationIsVisible = 0;
			defaultConfigurationName = Release;
		};
		3FEA1C00227F1EDE00133133 /* Build configuration list for PBXNativeTarget "Dev_iOs_ObjC" */ = {
			isa = XCConfigurationList;
			buildConfigurations = (
				3FEA1C01227F1EDE00133133 /* Debug */,
				3FEA1C02227F1EDE00133133 /* Release */,
			);
			defaultConfigurationIsVisible = 0;
			defaultConfigurationName = Release;
		};
		3FEA1C03227F1EDE00133133 /* Build configuration list for PBXNativeTarget "Dev_iOs_ObjCTests" */ = {
			isa = XCConfigurationList;
			buildConfigurations = (
				3FEA1C04227F1EDE00133133 /* Debug */,
				3FEA1C05227F1EDE00133133 /* Release */,
			);
			defaultConfigurationIsVisible = 0;
			defaultConfigurationName = Release;
		};
		3FEA1C06227F1EDE00133133 /* Build configuration list for PBXNativeTarget "Dev_iOs_ObjCUITests" */ = {
			isa = XCConfigurationList;
			buildConfigurations = (
				3FEA1C07227F1EDE00133133 /* Debug */,
				3FEA1C08227F1EDE00133133 /* Release */,
			);
			defaultConfigurationIsVisible = 0;
			defaultConfigurationName = Release;
		};
/* End XCConfigurationList section */

/* Begin XCVersionGroup section */
		3FF0B896229B448600E00DEC /* Courier.xcdatamodeld */ = {
			isa = XCVersionGroup;
			children = (
				3FF0B897229B448600E00DEC /* Courier.xcdatamodel */,
			);
			currentVersion = 3FF0B897229B448600E00DEC /* Courier.xcdatamodel */;
			path = Courier.xcdatamodeld;
			sourceTree = "<group>";
			versionGroupType = wrapper.xcdatamodel;
		};
/* End XCVersionGroup section */
	};
	rootObject = 3FEA1BCC227F1EDC00133133 /* Project object */;
}
